
Microsoft Visual Studio Solution File, Format Version 12.00
# Visual Studio Version 18
VisualStudioVersion = 18.0.11205.157
MinimumVisualStudioVersion = 10.0.40219.1
Project("{FAE04EC0-301F-11D3-BF4B-00C04F79EFBC}") = "OrderService.API", "OrderService.API\OrderService.API.csproj", "{AA5BD059-7F47-4536-9CE3-790650F5B4C9}"
EndProject
Project("{FAE04EC0-301F-11D3-BF4B-00C04F79EFBC}") = "BusinessLogicLayer", "BusinessLogicLayer\BusinessLogicLayer.csproj", "{471F5D49-EE28-45AD-98D5-73ED4011CBCF}"
EndProject
Project("{FAE04EC0-301F-11D3-BF4B-00C04F79EFBC}") = "DataAccessLayer", "DataAccessLayer\DataAccessLayer.csproj", "{FBCF1AE6-520A-4F55-A32F-878BF2F17C48}"
EndProject
Project("{E53339B2-1760-4266-BCC7-CA923CBCF16C}") = "docker-compose", "docker-compose.dcproj", "{81DDED9D-158B-E303-5F62-77A2896D2A5A}"
EndProject
Project("{FAE04EC0-301F-11D3-BF4B-00C04F79EFBC}") = "APIGateway", "APIGateway\APIGateway.csproj", "{03B18B97-59FE-4658-A53E-2762E74F5A66}"
EndProject
Global
	GlobalSection(SolutionConfigurationPlatforms) = preSolution
		Debug|Any CPU = Debug|Any CPU
		Release|Any CPU = Release|Any CPU
	EndGlobalSection
	GlobalSection(ProjectConfigurationPlatforms) = postSolution
		{AA5BD059-7F47-4536-9CE3-790650F5B4C9}.Debug|Any CPU.ActiveCfg = Debug|Any CPU
		{AA5BD059-7F47-4536-9CE3-790650F5B4C9}.Debug|Any CPU.Build.0 = Debug|Any CPU
		{AA5BD059-7F47-4536-9CE3-790650F5B4C9}.Release|Any CPU.ActiveCfg = Release|Any CPU
		{AA5BD059-7F47-4536-9CE3-790650F5B4C9}.Release|Any CPU.Build.0 = Release|Any CPU
		{471F5D49-EE28-45AD-98D5-73ED4011CBCF}.Debug|Any CPU.ActiveCfg = Debug|Any CPU
		{471F5D49-EE28-45AD-98D5-73ED4011CBCF}.Debug|Any CPU.Build.0 = Debug|Any CPU
		{471F5D49-EE28-45AD-98D5-73ED4011CBCF}.Release|Any CPU.ActiveCfg = Release|Any CPU
		{471F5D49-EE28-45AD-98D5-73ED4011CBCF}.Release|Any CPU.Build.0 = Release|Any CPU
		{FBCF1AE6-520A-4F55-A32F-878BF2F17C48}.Debug|Any CPU.ActiveCfg = Debug|Any CPU
		{FBCF1AE6-520A-4F55-A32F-878BF2F17C48}.Debug|Any CPU.Build.0 = Debug|Any CPU
		{FBCF1AE6-520A-4F55-A32F-878BF2F17C48}.Release|Any CPU.ActiveCfg = Release|Any CPU
		{FBCF1AE6-520A-4F55-A32F-878BF2F17C48}.Release|Any CPU.Build.0 = Release|Any CPU
		{81DDED9D-158B-E303-5F62-77A2896D2A5A}.Debug|Any CPU.ActiveCfg = Debug|Any CPU
		{81DDED9D-158B-E303-5F62-77A2896D2A5A}.Debug|Any CPU.Build.0 = Debug|Any CPU
		{81DDED9D-158B-E303-5F62-77A2896D2A5A}.Release|Any CPU.ActiveCfg = Release|Any CPU
		{81DDED9D-158B-E303-5F62-77A2896D2A5A}.Release|Any CPU.Build.0 = Release|Any CPU
		{03B18B97-59FE-4658-A53E-2762E74F5A66}.Debug|Any CPU.ActiveCfg = Debug|Any CPU
		{03B18B97-59FE-4658-A53E-2762E74F5A66}.Debug|Any CPU.Build.0 = Debug|Any CPU
		{03B18B97-59FE-4658-A53E-2762E74F5A66}.Release|Any CPU.ActiveCfg = Release|Any CPU
		{03B18B97-59FE-4658-A53E-2762E74F5A66}.Release|Any CPU.Build.0 = Release|Any CPU
	EndGlobalSection
	GlobalSection(SolutionProperties) = preSolution
		HideSolutionNode = FALSE
	EndGlobalSection
	GlobalSection(ExtensibilityGlobals) = postSolution
		SolutionGuid = {84A533DE-0C1A-46CD-A2AC-A44C18DEBE35}
	EndGlobalSection
EndGlobal
